// !$*UTF8*$!
{
	archiveVersion = 1;
	classes = {
	};
	objectVersion = 55;
	objects = {

/* Begin PBXBuildFile section */
		AB08BB802720896800387B49 /* ContactsViewController.swift in Sources */ = {isa = PBXBuildFile; fileRef = AB08BB7F2720896800387B49 /* ContactsViewController.swift */; };
		AB08BB822720ACEF00387B49 /* BusinessDetailsViewController.swift in Sources */ = {isa = PBXBuildFile; fileRef = AB08BB812720ACEF00387B49 /* BusinessDetailsViewController.swift */; };
		AB08BB842720C36200387B49 /* ContactsDetailsViewController.swift in Sources */ = {isa = PBXBuildFile; fileRef = AB08BB832720C36200387B49 /* ContactsDetailsViewController.swift */; };
		AB08BB8B27239F4C00387B49 /* BusinessTableViewCell.swift in Sources */ = {isa = PBXBuildFile; fileRef = AB08BB8A27239F4C00387B49 /* BusinessTableViewCell.swift */; };
		AB08BB8D27239F6300387B49 /* ContactTableViewCell.swift in Sources */ = {isa = PBXBuildFile; fileRef = AB08BB8C27239F6300387B49 /* ContactTableViewCell.swift */; };
		AB08BB8F2723A09700387B49 /* Business.swift in Sources */ = {isa = PBXBuildFile; fileRef = AB08BB8E2723A09700387B49 /* Business.swift */; };
		AB08BB912723B10200387B49 /* LocationPin.swift in Sources */ = {isa = PBXBuildFile; fileRef = AB08BB902723B10200387B49 /* LocationPin.swift */; };
		AB08BBAA2725EE8600387B49 /* CoreDataStack.swift in Sources */ = {isa = PBXBuildFile; fileRef = AB08BBA92725EE8600387B49 /* CoreDataStack.swift */; };
		AB08BBFF27299E3000387B49 /* ContactList+CoreDataClass.swift in Sources */ = {isa = PBXBuildFile; fileRef = AB08BBFB27299E3000387B49 /* ContactList+CoreDataClass.swift */; };
		AB08BC0027299E3000387B49 /* ContactList+CoreDataProperties.swift in Sources */ = {isa = PBXBuildFile; fileRef = AB08BBFC27299E3000387B49 /* ContactList+CoreDataProperties.swift */; };
		AB08BC0127299E3000387B49 /* Products+CoreDataClass.swift in Sources */ = {isa = PBXBuildFile; fileRef = AB08BBFD27299E3000387B49 /* Products+CoreDataClass.swift */; };
		AB08BC0227299E3000387B49 /* Products+CoreDataProperties.swift in Sources */ = {isa = PBXBuildFile; fileRef = AB08BBFE27299E3000387B49 /* Products+CoreDataProperties.swift */; };
		AB6ECF6A271F7BC000BD41E3 /* AppDelegate.swift in Sources */ = {isa = PBXBuildFile; fileRef = AB6ECF69271F7BC000BD41E3 /* AppDelegate.swift */; };
		AB6ECF6C271F7BC000BD41E3 /* SceneDelegate.swift in Sources */ = {isa = PBXBuildFile; fileRef = AB6ECF6B271F7BC000BD41E3 /* SceneDelegate.swift */; };
		AB6ECF6E271F7BC000BD41E3 /* ViewController.swift in Sources */ = {isa = PBXBuildFile; fileRef = AB6ECF6D271F7BC000BD41E3 /* ViewController.swift */; };
		AB6ECF71271F7BC000BD41E3 /* Main.storyboard in Resources */ = {isa = PBXBuildFile; fileRef = AB6ECF6F271F7BC000BD41E3 /* Main.storyboard */; };
		AB6ECF74271F7BC000BD41E3 /* BusinessDirectory.xcdatamodeld in Sources */ = {isa = PBXBuildFile; fileRef = AB6ECF72271F7BC000BD41E3 /* BusinessDirectory.xcdatamodeld */; };
		AB6ECF76271F7BC200BD41E3 /* Assets.xcassets in Resources */ = {isa = PBXBuildFile; fileRef = AB6ECF75271F7BC200BD41E3 /* Assets.xcassets */; };
		AB6ECF79271F7BC200BD41E3 /* LaunchScreen.storyboard in Resources */ = {isa = PBXBuildFile; fileRef = AB6ECF77271F7BC200BD41E3 /* LaunchScreen.storyboard */; };
		AB6ECF84271F7BC300BD41E3 /* BusinessDirectoryTests.swift in Sources */ = {isa = PBXBuildFile; fileRef = AB6ECF83271F7BC300BD41E3 /* BusinessDirectoryTests.swift */; };
		AB6ECF8E271F7BC300BD41E3 /* BusinessDirectoryUITests.swift in Sources */ = {isa = PBXBuildFile; fileRef = AB6ECF8D271F7BC300BD41E3 /* BusinessDirectoryUITests.swift */; };
		AB6ECF90271F7BC300BD41E3 /* BusinessDirectoryUITestsLaunchTests.swift in Sources */ = {isa = PBXBuildFile; fileRef = AB6ECF8F271F7BC300BD41E3 /* BusinessDirectoryUITestsLaunchTests.swift */; };
/* End PBXBuildFile section */

/* Begin PBXContainerItemProxy section */
		AB6ECF80271F7BC300BD41E3 /* PBXContainerItemProxy */ = {
			isa = PBXContainerItemProxy;
			containerPortal = AB6ECF5E271F7BC000BD41E3 /* Project object */;
			proxyType = 1;
			remoteGlobalIDString = AB6ECF65271F7BC000BD41E3;
			remoteInfo = BusinessDirectory;
		};
		AB6ECF8A271F7BC300BD41E3 /* PBXContainerItemProxy */ = {
			isa = PBXContainerItemProxy;
			containerPortal = AB6ECF5E271F7BC000BD41E3 /* Project object */;
			proxyType = 1;
			remoteGlobalIDString = AB6ECF65271F7BC000BD41E3;
			remoteInfo = BusinessDirectory;
		};
/* End PBXContainerItemProxy section */

/* Begin PBXFileReference section */
		AB08BB7F2720896800387B49 /* ContactsViewController.swift */ = {isa = PBXFileReference; lastKnownFileType = sourcecode.swift; path = ContactsViewController.swift; sourceTree = "<group>"; };
		AB08BB812720ACEF00387B49 /* BusinessDetailsViewController.swift */ = {isa = PBXFileReference; lastKnownFileType = sourcecode.swift; path = BusinessDetailsViewController.swift; sourceTree = "<group>"; };
		AB08BB832720C36200387B49 /* ContactsDetailsViewController.swift */ = {isa = PBXFileReference; lastKnownFileType = sourcecode.swift; path = ContactsDetailsViewController.swift; sourceTree = "<group>"; };
		AB08BB8A27239F4C00387B49 /* BusinessTableViewCell.swift */ = {isa = PBXFileReference; lastKnownFileType = sourcecode.swift; path = BusinessTableViewCell.swift; sourceTree = "<group>"; };
		AB08BB8C27239F6300387B49 /* ContactTableViewCell.swift */ = {isa = PBXFileReference; lastKnownFileType = sourcecode.swift; path = ContactTableViewCell.swift; sourceTree = "<group>"; };
		AB08BB8E2723A09700387B49 /* Business.swift */ = {isa = PBXFileReference; lastKnownFileType = sourcecode.swift; path = Business.swift; sourceTree = "<group>"; };
		AB08BB902723B10200387B49 /* LocationPin.swift */ = {isa = PBXFileReference; lastKnownFileType = sourcecode.swift; path = LocationPin.swift; sourceTree = "<group>"; };
		AB08BBA92725EE8600387B49 /* CoreDataStack.swift */ = {isa = PBXFileReference; lastKnownFileType = sourcecode.swift; path = CoreDataStack.swift; sourceTree = "<group>"; };
		AB08BBFB27299E3000387B49 /* ContactList+CoreDataClass.swift */ = {isa = PBXFileReference; lastKnownFileType = sourcecode.swift; path = "ContactList+CoreDataClass.swift"; sourceTree = "<group>"; };
		AB08BBFC27299E3000387B49 /* ContactList+CoreDataProperties.swift */ = {isa = PBXFileReference; lastKnownFileType = sourcecode.swift; path = "ContactList+CoreDataProperties.swift"; sourceTree = "<group>"; };
		AB08BBFD27299E3000387B49 /* Products+CoreDataClass.swift */ = {isa = PBXFileReference; lastKnownFileType = sourcecode.swift; path = "Products+CoreDataClass.swift"; sourceTree = "<group>"; };
		AB08BBFE27299E3000387B49 /* Products+CoreDataProperties.swift */ = {isa = PBXFileReference; lastKnownFileType = sourcecode.swift; path = "Products+CoreDataProperties.swift"; sourceTree = "<group>"; };
		AB6ECF66271F7BC000BD41E3 /* BusinessDirectory.app */ = {isa = PBXFileReference; explicitFileType = wrapper.application; includeInIndex = 0; path = BusinessDirectory.app; sourceTree = BUILT_PRODUCTS_DIR; };
		AB6ECF69271F7BC000BD41E3 /* AppDelegate.swift */ = {isa = PBXFileReference; lastKnownFileType = sourcecode.swift; path = AppDelegate.swift; sourceTree = "<group>"; };
		AB6ECF6B271F7BC000BD41E3 /* SceneDelegate.swift */ = {isa = PBXFileReference; lastKnownFileType = sourcecode.swift; path = SceneDelegate.swift; sourceTree = "<group>"; };
		AB6ECF6D271F7BC000BD41E3 /* ViewController.swift */ = {isa = PBXFileReference; lastKnownFileType = sourcecode.swift; path = ViewController.swift; sourceTree = "<group>"; };
		AB6ECF70271F7BC000BD41E3 /* Base */ = {isa = PBXFileReference; lastKnownFileType = file.storyboard; name = Base; path = Base.lproj/Main.storyboard; sourceTree = "<group>"; };
		AB6ECF73271F7BC000BD41E3 /* BusinessDirectory.xcdatamodel */ = {isa = PBXFileReference; lastKnownFileType = wrapper.xcdatamodel; path = BusinessDirectory.xcdatamodel; sourceTree = "<group>"; };
		AB6ECF75271F7BC200BD41E3 /* Assets.xcassets */ = {isa = PBXFileReference; lastKnownFileType = folder.assetcatalog; path = Assets.xcassets; sourceTree = "<group>"; };
		AB6ECF78271F7BC200BD41E3 /* Base */ = {isa = PBXFileReference; lastKnownFileType = file.storyboard; name = Base; path = Base.lproj/LaunchScreen.storyboard; sourceTree = "<group>"; };
		AB6ECF7A271F7BC200BD41E3 /* Info.plist */ = {isa = PBXFileReference; lastKnownFileType = text.plist.xml; path = Info.plist; sourceTree = "<group>"; };
		AB6ECF7F271F7BC300BD41E3 /* BusinessDirectoryTests.xctest */ = {isa = PBXFileReference; explicitFileType = wrapper.cfbundle; includeInIndex = 0; path = BusinessDirectoryTests.xctest; sourceTree = BUILT_PRODUCTS_DIR; };
		AB6ECF83271F7BC300BD41E3 /* BusinessDirectoryTests.swift */ = {isa = PBXFileReference; lastKnownFileType = sourcecode.swift; path = BusinessDirectoryTests.swift; sourceTree = "<group>"; };
		AB6ECF89271F7BC300BD41E3 /* BusinessDirectoryUITests.xctest */ = {isa = PBXFileReference; explicitFileType = wrapper.cfbundle; includeInIndex = 0; path = BusinessDirectoryUITests.xctest; sourceTree = BUILT_PRODUCTS_DIR; };
		AB6ECF8D271F7BC300BD41E3 /* BusinessDirectoryUITests.swift */ = {isa = PBXFileReference; lastKnownFileType = sourcecode.swift; path = BusinessDirectoryUITests.swift; sourceTree = "<group>"; };
		AB6ECF8F271F7BC300BD41E3 /* BusinessDirectoryUITestsLaunchTests.swift */ = {isa = PBXFileReference; lastKnownFileType = sourcecode.swift; path = BusinessDirectoryUITestsLaunchTests.swift; sourceTree = "<group>"; };
/* End PBXFileReference section */

/* Begin PBXFrameworksBuildPhase section */
		AB6ECF63271F7BC000BD41E3 /* Frameworks */ = {
			isa = PBXFrameworksBuildPhase;
			buildActionMask = 2147483647;
			files = (
			);
			runOnlyForDeploymentPostprocessing = 0;
		};
		AB6ECF7C271F7BC300BD41E3 /* Frameworks */ = {
			isa = PBXFrameworksBuildPhase;
			buildActionMask = 2147483647;
			files = (
			);
			runOnlyForDeploymentPostprocessing = 0;
		};
		AB6ECF86271F7BC300BD41E3 /* Frameworks */ = {
			isa = PBXFrameworksBuildPhase;
			buildActionMask = 2147483647;
			files = (
			);
			runOnlyForDeploymentPostprocessing = 0;
		};
/* End PBXFrameworksBuildPhase section */

/* Begin PBXGroup section */
		AB08BB8927239F1900387B49 /* TableviewCells */ = {
			isa = PBXGroup;
			children = (
				AB08BB8A27239F4C00387B49 /* BusinessTableViewCell.swift */,
				AB08BB8C27239F6300387B49 /* ContactTableViewCell.swift */,
			);
			path = TableviewCells;
			sourceTree = "<group>";
		};
		AB08BBA72725EE4D00387B49 /* CoreDataSubclasses */ = {
			isa = PBXGroup;
			children = (
				AB08BBFB27299E3000387B49 /* ContactList+CoreDataClass.swift */,
				AB08BBFC27299E3000387B49 /* ContactList+CoreDataProperties.swift */,
				AB08BBFD27299E3000387B49 /* Products+CoreDataClass.swift */,
				AB08BBFE27299E3000387B49 /* Products+CoreDataProperties.swift */,
			);
			path = CoreDataSubclasses;
			sourceTree = "<group>";
		};
		AB08BBA82725EE5F00387B49 /* CoreDataStack */ = {
			isa = PBXGroup;
			children = (
				AB08BBA92725EE8600387B49 /* CoreDataStack.swift */,
			);
			path = CoreDataStack;
			sourceTree = "<group>";
		};
		AB6ECF5D271F7BC000BD41E3 = {
			isa = PBXGroup;
			children = (
				AB6ECF68271F7BC000BD41E3 /* BusinessDirectory */,
				AB6ECF82271F7BC300BD41E3 /* BusinessDirectoryTests */,
				AB6ECF8C271F7BC300BD41E3 /* BusinessDirectoryUITests */,
				AB6ECF67271F7BC000BD41E3 /* Products */,
			);
			sourceTree = "<group>";
		};
		AB6ECF67271F7BC000BD41E3 /* Products */ = {
			isa = PBXGroup;
			children = (
				AB6ECF66271F7BC000BD41E3 /* BusinessDirectory.app */,
				AB6ECF7F271F7BC300BD41E3 /* BusinessDirectoryTests.xctest */,
				AB6ECF89271F7BC300BD41E3 /* BusinessDirectoryUITests.xctest */,
			);
			name = Products;
			sourceTree = "<group>";
		};
		AB6ECF68271F7BC000BD41E3 /* BusinessDirectory */ = {
			isa = PBXGroup;
			children = (
				AB08BBA82725EE5F00387B49 /* CoreDataStack */,
				AB08BBA72725EE4D00387B49 /* CoreDataSubclasses */,
				AB08BB8927239F1900387B49 /* TableviewCells */,
				AB6ECF9F271F7C0800BD41E3 /* Storyboards */,
				AB6ECF9E271F7BFC00BD41E3 /* Delegates */,
				AB6ECF9D271F7BF400BD41E3 /* Models */,
				AB6ECF9C271F7BE900BD41E3 /* ViewControllers */,
				AB6ECF75271F7BC200BD41E3 /* Assets.xcassets */,
				AB6ECF7A271F7BC200BD41E3 /* Info.plist */,
				AB6ECF72271F7BC000BD41E3 /* BusinessDirectory.xcdatamodeld */,
			);
			path = BusinessDirectory;
			sourceTree = "<group>";
		};
		AB6ECF82271F7BC300BD41E3 /* BusinessDirectoryTests */ = {
			isa = PBXGroup;
			children = (
				AB6ECF83271F7BC300BD41E3 /* BusinessDirectoryTests.swift */,
			);
			path = BusinessDirectoryTests;
			sourceTree = "<group>";
		};
		AB6ECF8C271F7BC300BD41E3 /* BusinessDirectoryUITests */ = {
			isa = PBXGroup;
			children = (
				AB6ECF8D271F7BC300BD41E3 /* BusinessDirectoryUITests.swift */,
				AB6ECF8F271F7BC300BD41E3 /* BusinessDirectoryUITestsLaunchTests.swift */,
			);
			path = BusinessDirectoryUITests;
			sourceTree = "<group>";
		};
		AB6ECF9C271F7BE900BD41E3 /* ViewControllers */ = {
			isa = PBXGroup;
			children = (
				AB6ECF6D271F7BC000BD41E3 /* ViewController.swift */,
				AB08BB7F2720896800387B49 /* ContactsViewController.swift */,
				AB08BB812720ACEF00387B49 /* BusinessDetailsViewController.swift */,
				AB08BB832720C36200387B49 /* ContactsDetailsViewController.swift */,
			);
			path = ViewControllers;
			sourceTree = "<group>";
		};
		AB6ECF9D271F7BF400BD41E3 /* Models */ = {
			isa = PBXGroup;
			children = (
				AB08BB8E2723A09700387B49 /* Business.swift */,
				AB08BB902723B10200387B49 /* LocationPin.swift */,
			);
			path = Models;
			sourceTree = "<group>";
		};
		AB6ECF9E271F7BFC00BD41E3 /* Delegates */ = {
			isa = PBXGroup;
			children = (
				AB6ECF69271F7BC000BD41E3 /* AppDelegate.swift */,
				AB6ECF6B271F7BC000BD41E3 /* SceneDelegate.swift */,
			);
			path = Delegates;
			sourceTree = "<group>";
		};
		AB6ECF9F271F7C0800BD41E3 /* Storyboards */ = {
			isa = PBXGroup;
			children = (
				AB6ECF6F271F7BC000BD41E3 /* Main.storyboard */,
				AB6ECF77271F7BC200BD41E3 /* LaunchScreen.storyboard */,
			);
			path = Storyboards;
			sourceTree = "<group>";
		};
/* End PBXGroup section */

/* Begin PBXNativeTarget section */
		AB6ECF65271F7BC000BD41E3 /* BusinessDirectory */ = {
			isa = PBXNativeTarget;
			buildConfigurationList = AB6ECF93271F7BC300BD41E3 /* Build configuration list for PBXNativeTarget "BusinessDirectory" */;
			buildPhases = (
				AB6ECF62271F7BC000BD41E3 /* Sources */,
				AB6ECF63271F7BC000BD41E3 /* Frameworks */,
				AB6ECF64271F7BC000BD41E3 /* Resources */,
			);
			buildRules = (
			);
			dependencies = (
			);
			name = BusinessDirectory;
			productName = BusinessDirectory;
			productReference = AB6ECF66271F7BC000BD41E3 /* BusinessDirectory.app */;
			productType = "com.apple.product-type.application";
		};
		AB6ECF7E271F7BC300BD41E3 /* BusinessDirectoryTests */ = {
			isa = PBXNativeTarget;
			buildConfigurationList = AB6ECF96271F7BC300BD41E3 /* Build configuration list for PBXNativeTarget "BusinessDirectoryTests" */;
			buildPhases = (
				AB6ECF7B271F7BC300BD41E3 /* Sources */,
				AB6ECF7C271F7BC300BD41E3 /* Frameworks */,
				AB6ECF7D271F7BC300BD41E3 /* Resources */,
			);
			buildRules = (
			);
			dependencies = (
				AB6ECF81271F7BC300BD41E3 /* PBXTargetDependency */,
			);
			name = BusinessDirectoryTests;
			productName = BusinessDirectoryTests;
			productReference = AB6ECF7F271F7BC300BD41E3 /* BusinessDirectoryTests.xctest */;
			productType = "com.apple.product-type.bundle.unit-test";
		};
		AB6ECF88271F7BC300BD41E3 /* BusinessDirectoryUITests */ = {
			isa = PBXNativeTarget;
			buildConfigurationList = AB6ECF99271F7BC300BD41E3 /* Build configuration list for PBXNativeTarget "BusinessDirectoryUITests" */;
			buildPhases = (
				AB6ECF85271F7BC300BD41E3 /* Sources */,
				AB6ECF86271F7BC300BD41E3 /* Frameworks */,
				AB6ECF87271F7BC300BD41E3 /* Resources */,
			);
			buildRules = (
			);
			dependencies = (
				AB6ECF8B271F7BC300BD41E3 /* PBXTargetDependency */,
			);
			name = BusinessDirectoryUITests;
			productName = BusinessDirectoryUITests;
			productReference = AB6ECF89271F7BC300BD41E3 /* BusinessDirectoryUITests.xctest */;
			productType = "com.apple.product-type.bundle.ui-testing";
		};
/* End PBXNativeTarget section */

/* Begin PBXProject section */
		AB6ECF5E271F7BC000BD41E3 /* Project object */ = {
			isa = PBXProject;
			attributes = {
				BuildIndependentTargetsInParallel = 1;
				LastSwiftUpdateCheck = 1300;
				LastUpgradeCheck = 1300;
				TargetAttributes = {
					AB6ECF65271F7BC000BD41E3 = {
						CreatedOnToolsVersion = 13.0;
					};
					AB6ECF7E271F7BC300BD41E3 = {
						CreatedOnToolsVersion = 13.0;
						TestTargetID = AB6ECF65271F7BC000BD41E3;
					};
					AB6ECF88271F7BC300BD41E3 = {
						CreatedOnToolsVersion = 13.0;
						TestTargetID = AB6ECF65271F7BC000BD41E3;
					};
				};
			};
			buildConfigurationList = AB6ECF61271F7BC000BD41E3 /* Build configuration list for PBXProject "BusinessDirectory" */;
			compatibilityVersion = "Xcode 13.0";
			developmentRegion = en;
			hasScannedForEncodings = 0;
			knownRegions = (
				en,
				Base,
			);
			mainGroup = AB6ECF5D271F7BC000BD41E3;
			productRefGroup = AB6ECF67271F7BC000BD41E3 /* Products */;
			projectDirPath = "";
			projectRoot = "";
			targets = (
				AB6ECF65271F7BC000BD41E3 /* BusinessDirectory */,
				AB6ECF7E271F7BC300BD41E3 /* BusinessDirectoryTests */,
				AB6ECF88271F7BC300BD41E3 /* BusinessDirectoryUITests */,
			);
		};
/* End PBXProject section */

/* Begin PBXResourcesBuildPhase section */
		AB6ECF64271F7BC000BD41E3 /* Resources */ = {
			isa = PBXResourcesBuildPhase;
			buildActionMask = 2147483647;
			files = (
				AB6ECF79271F7BC200BD41E3 /* LaunchScreen.storyboard in Resources */,
				AB6ECF76271F7BC200BD41E3 /* Assets.xcassets in Resources */,
				AB6ECF71271F7BC000BD41E3 /* Main.storyboard in Resources */,
			);
			runOnlyForDeploymentPostprocessing = 0;
		};
		AB6ECF7D271F7BC300BD41E3 /* Resources */ = {
			isa = PBXResourcesBuildPhase;
			buildActionMask = 2147483647;
			files = (
			);
			runOnlyForDeploymentPostprocessing = 0;
		};
		AB6ECF87271F7BC300BD41E3 /* Resources */ = {
			isa = PBXResourcesBuildPhase;
			buildActionMask = 2147483647;
			files = (
			);
			runOnlyForDeploymentPostprocessing = 0;
		};
/* End PBXResourcesBuildPhase section */

/* Begin PBXSourcesBuildPhase section */
		AB6ECF62271F7BC000BD41E3 /* Sources */ = {
			isa = PBXSourcesBuildPhase;
			buildActionMask = 2147483647;
			files = (
				AB6ECF6E271F7BC000BD41E3 /* ViewController.swift in Sources */,
				AB08BC0227299E3000387B49 /* Products+CoreDataProperties.swift in Sources */,
				AB6ECF6A271F7BC000BD41E3 /* AppDelegate.swift in Sources */,
				AB6ECF6C271F7BC000BD41E3 /* SceneDelegate.swift in Sources */,
				AB08BBAA2725EE8600387B49 /* CoreDataStack.swift in Sources */,
				AB08BBFF27299E3000387B49 /* ContactList+CoreDataClass.swift in Sources */,
				AB08BB912723B10200387B49 /* LocationPin.swift in Sources */,
				AB08BB8F2723A09700387B49 /* Business.swift in Sources */,
				AB08BB822720ACEF00387B49 /* BusinessDetailsViewController.swift in Sources */,
				AB08BC0027299E3000387B49 /* ContactList+CoreDataProperties.swift in Sources */,
				AB08BB842720C36200387B49 /* ContactsDetailsViewController.swift in Sources */,
				AB08BB8B27239F4C00387B49 /* BusinessTableViewCell.swift in Sources */,
				AB08BB8D27239F6300387B49 /* ContactTableViewCell.swift in Sources */,
				AB08BC0127299E3000387B49 /* Products+CoreDataClass.swift in Sources */,
				AB6ECF74271F7BC000BD41E3 /* BusinessDirectory.xcdatamodeld in Sources */,
				AB08BB802720896800387B49 /* ContactsViewController.swift in Sources */,
			);
			runOnlyForDeploymentPostprocessing = 0;
		};
		AB6ECF7B271F7BC300BD41E3 /* Sources */ = {
			isa = PBXSourcesBuildPhase;
			buildActionMask = 2147483647;
			files = (
				AB6ECF84271F7BC300BD41E3 /* BusinessDirectoryTests.swift in Sources */,
			);
			runOnlyForDeploymentPostprocessing = 0;
		};
		AB6ECF85271F7BC300BD41E3 /* Sources */ = {
			isa = PBXSourcesBuildPhase;
			buildActionMask = 2147483647;
			files = (
				AB6ECF90271F7BC300BD41E3 /* BusinessDirectoryUITestsLaunchTests.swift in Sources */,
				AB6ECF8E271F7BC300BD41E3 /* BusinessDirectoryUITests.swift in Sources */,
			);
			runOnlyForDeploymentPostprocessing = 0;
		};
/* End PBXSourcesBuildPhase section */

/* Begin PBXTargetDependency section */
		AB6ECF81271F7BC300BD41E3 /* PBXTargetDependency */ = {
			isa = PBXTargetDependency;
			target = AB6ECF65271F7BC000BD41E3 /* BusinessDirectory */;
			targetProxy = AB6ECF80271F7BC300BD41E3 /* PBXContainerItemProxy */;
		};
		AB6ECF8B271F7BC300BD41E3 /* PBXTargetDependency */ = {
			isa = PBXTargetDependency;
			target = AB6ECF65271F7BC000BD41E3 /* BusinessDirectory */;
			targetProxy = AB6ECF8A271F7BC300BD41E3 /* PBXContainerItemProxy */;
		};
/* End PBXTargetDependency section */

/* Begin PBXVariantGroup section */
		AB6ECF6F271F7BC000BD41E3 /* Main.storyboard */ = {
			isa = PBXVariantGroup;
			children = (
				AB6ECF70271F7BC000BD41E3 /* Base */,
			);
			name = Main.storyboard;
			sourceTree = "<group>";
		};
		AB6ECF77271F7BC200BD41E3 /* LaunchScreen.storyboard */ = {
			isa = PBXVariantGroup;
			children = (
				AB6ECF78271F7BC200BD41E3 /* Base */,
			);
			name = LaunchScreen.storyboard;
			sourceTree = "<group>";
		};
/* End PBXVariantGroup section */

/* Begin XCBuildConfiguration section */
		AB6ECF91271F7BC300BD41E3 /* Debug */ = {
			isa = XCBuildConfiguration;
			buildSettings = {
				ALWAYS_SEARCH_USER_PATHS = NO;
				CLANG_ANALYZER_NONNULL = YES;
				CLANG_ANALYZER_NUMBER_OBJECT_CONVERSION = YES_AGGRESSIVE;
				CLANG_CXX_LANGUAGE_STANDARD = "gnu++17";
				CLANG_CXX_LIBRARY = "libc++";
				CLANG_ENABLE_MODULES = YES;
				CLANG_ENABLE_OBJC_ARC = YES;
				CLANG_ENABLE_OBJC_WEAK = YES;
				CLANG_WARN_BLOCK_CAPTURE_AUTORELEASING = YES;
				CLANG_WARN_BOOL_CONVERSION = YES;
				CLANG_WARN_COMMA = YES;
				CLANG_WARN_CONSTANT_CONVERSION = YES;
				CLANG_WARN_DEPRECATED_OBJC_IMPLEMENTATIONS = YES;
				CLANG_WARN_DIRECT_OBJC_ISA_USAGE = YES_ERROR;
				CLANG_WARN_DOCUMENTATION_COMMENTS = YES;
				CLANG_WARN_EMPTY_BODY = YES;
				CLANG_WARN_ENUM_CONVERSION = YES;
				CLANG_WARN_INFINITE_RECURSION = YES;
				CLANG_WARN_INT_CONVERSION = YES;
				CLANG_WARN_NON_LITERAL_NULL_CONVERSION = YES;
				CLANG_WARN_OBJC_IMPLICIT_RETAIN_SELF = YES;
				CLANG_WARN_OBJC_LITERAL_CONVERSION = YES;
				CLANG_WARN_OBJC_ROOT_CLASS = YES_ERROR;
				CLANG_WARN_QUOTED_INCLUDE_IN_FRAMEWORK_HEADER = YES;
				CLANG_WARN_RANGE_LOOP_ANALYSIS = YES;
				CLANG_WARN_STRICT_PROTOTYPES = YES;
				CLANG_WARN_SUSPICIOUS_MOVE = YES;
				CLANG_WARN_UNGUARDED_AVAILABILITY = YES_AGGRESSIVE;
				CLANG_WARN_UNREACHABLE_CODE = YES;
				CLANG_WARN__DUPLICATE_METHOD_MATCH = YES;
				COPY_PHASE_STRIP = NO;
				DEBUG_INFORMATION_FORMAT = dwarf;
				ENABLE_STRICT_OBJC_MSGSEND = YES;
				ENABLE_TESTABILITY = YES;
				GCC_C_LANGUAGE_STANDARD = gnu11;
				GCC_DYNAMIC_NO_PIC = NO;
				GCC_NO_COMMON_BLOCKS = YES;
				GCC_OPTIMIZATION_LEVEL = 0;
				GCC_PREPROCESSOR_DEFINITIONS = (
					"DEBUG=1",
					"$(inherited)",
				);
				GCC_WARN_64_TO_32_BIT_CONVERSION = YES;
				GCC_WARN_ABOUT_RETURN_TYPE = YES_ERROR;
				GCC_WARN_UNDECLARED_SELECTOR = YES;
				GCC_WARN_UNINITIALIZED_AUTOS = YES_AGGRESSIVE;
				GCC_WARN_UNUSED_FUNCTION = YES;
				GCC_WARN_UNUSED_VARIABLE = YES;
				IPHONEOS_DEPLOYMENT_TARGET = 15.0;
				MTL_ENABLE_DEBUG_INFO = INCLUDE_SOURCE;
				MTL_FAST_MATH = YES;
				ONLY_ACTIVE_ARCH = YES;
				SDKROOT = iphoneos;
				SWIFT_ACTIVE_COMPILATION_CONDITIONS = DEBUG;
				SWIFT_OPTIMIZATION_LEVEL = "-Onone";
			};
			name = Debug;
		};
		AB6ECF92271F7BC300BD41E3 /* Release */ = {
			isa = XCBuildConfiguration;
			buildSettings = {
				ALWAYS_SEARCH_USER_PATHS = NO;
				CLANG_ANALYZER_NONNULL = YES;
				CLANG_ANALYZER_NUMBER_OBJECT_CONVERSION = YES_AGGRESSIVE;
				CLANG_CXX_LANGUAGE_STANDARD = "gnu++17";
				CLANG_CXX_LIBRARY = "libc++";
				CLANG_ENABLE_MODULES = YES;
				CLANG_ENABLE_OBJC_ARC = YES;
				CLANG_ENABLE_OBJC_WEAK = YES;
				CLANG_WARN_BLOCK_CAPTURE_AUTORELEASING = YES;
				CLANG_WARN_BOOL_CONVERSION = YES;
				CLANG_WARN_COMMA = YES;
				CLANG_WARN_CONSTANT_CONVERSION = YES;
				CLANG_WARN_DEPRECATED_OBJC_IMPLEMENTATIONS = YES;
				CLANG_WARN_DIRECT_OBJC_ISA_USAGE = YES_ERROR;
				CLANG_WARN_DOCUMENTATION_COMMENTS = YES;
				CLANG_WARN_EMPTY_BODY = YES;
				CLANG_WARN_ENUM_CONVERSION = YES;
				CLANG_WARN_INFINITE_RECURSION = YES;
				CLANG_WARN_INT_CONVERSION = YES;
				CLANG_WARN_NON_LITERAL_NULL_CONVERSION = YES;
				CLANG_WARN_OBJC_IMPLICIT_RETAIN_SELF = YES;
				CLANG_WARN_OBJC_LITERAL_CONVERSION = YES;
				CLANG_WARN_OBJC_ROOT_CLASS = YES_ERROR;
				CLANG_WARN_QUOTED_INCLUDE_IN_FRAMEWORK_HEADER = YES;
				CLANG_WARN_RANGE_LOOP_ANALYSIS = YES;
				CLANG_WARN_STRICT_PROTOTYPES = YES;
				CLANG_WARN_SUSPICIOUS_MOVE = YES;
				CLANG_WARN_UNGUARDED_AVAILABILITY = YES_AGGRESSIVE;
				CLANG_WARN_UNREACHABLE_CODE = YES;
				CLANG_WARN__DUPLICATE_METHOD_MATCH = YES;
				COPY_PHASE_STRIP = NO;
				DEBUG_INFORMATION_FORMAT = "dwarf-with-dsym";
				ENABLE_NS_ASSERTIONS = NO;
				ENABLE_STRICT_OBJC_MSGSEND = YES;
				GCC_C_LANGUAGE_STANDARD = gnu11;
				GCC_NO_COMMON_BLOCKS = YES;
				GCC_WARN_64_TO_32_BIT_CONVERSION = YES;
				GCC_WARN_ABOUT_RETURN_TYPE = YES_ERROR;
				GCC_WARN_UNDECLARED_SELECTOR = YES;
				GCC_WARN_UNINITIALIZED_AUTOS = YES_AGGRESSIVE;
				GCC_WARN_UNUSED_FUNCTION = YES;
				GCC_WARN_UNUSED_VARIABLE = YES;
				IPHONEOS_DEPLOYMENT_TARGET = 15.0;
				MTL_ENABLE_DEBUG_INFO = NO;
				MTL_FAST_MATH = YES;
				SDKROOT = iphoneos;
				SWIFT_COMPILATION_MODE = wholemodule;
				SWIFT_OPTIMIZATION_LEVEL = "-O";
				VALIDATE_PRODUCT = YES;
			};
			name = Release;
		};
		AB6ECF94271F7BC300BD41E3 /* Debug */ = {
			isa = XCBuildConfiguration;
			buildSettings = {
				ASSETCATALOG_COMPILER_APPICON_NAME = AppIcon;
				ASSETCATALOG_COMPILER_GLOBAL_ACCENT_COLOR_NAME = AccentColor;
				CODE_SIGN_STYLE = Automatic;
				CURRENT_PROJECT_VERSION = 1;
				DEVELOPMENT_TEAM = KQ2V96Q595;
				GENERATE_INFOPLIST_FILE = YES;
				INFOPLIST_FILE = BusinessDirectory/Info.plist;
				INFOPLIST_KEY_UIApplicationSupportsIndirectInputEvents = YES;
				INFOPLIST_KEY_UILaunchStoryboardName = LaunchScreen;
				INFOPLIST_KEY_UIMainStoryboardFile = Main;
				INFOPLIST_KEY_UISupportedInterfaceOrientations = UIInterfaceOrientationPortrait;
				INFOPLIST_KEY_UISupportedInterfaceOrientations_iPad = "UIInterfaceOrientationPortrait UIInterfaceOrientationPortraitUpsideDown UIInterfaceOrientationLandscapeLeft UIInterfaceOrientationLandscapeRight";
				INFOPLIST_KEY_UISupportedInterfaceOrientations_iPhone = "UIInterfaceOrientationPortrait UIInterfaceOrientationLandscapeLeft UIInterfaceOrientationLandscapeRight";
				LD_RUNPATH_SEARCH_PATHS = (
					"$(inherited)",
					"@executable_path/Frameworks",
				);
				MARKETING_VERSION = 1.0;
				PRODUCT_BUNDLE_IDENTIFIER = ca.myscc.oy.BusinessDirectory;
				PRODUCT_NAME = "$(TARGET_NAME)";
				SWIFT_EMIT_LOC_STRINGS = YES;
				SWIFT_VERSION = 5.0;
				TARGETED_DEVICE_FAMILY = "1,2";
			};
			name = Debug;
		};
		AB6ECF95271F7BC300BD41E3 /* Release */ = {
			isa = XCBuildConfiguration;
			buildSettings = {
				ASSETCATALOG_COMPILER_APPICON_NAME = AppIcon;
				ASSETCATALOG_COMPILER_GLOBAL_ACCENT_COLOR_NAME = AccentColor;
				CODE_SIGN_STYLE = Automatic;
				CURRENT_PROJECT_VERSION = 1;
				DEVELOPMENT_TEAM = KQ2V96Q595;
				GENERATE_INFOPLIST_FILE = YES;
				INFOPLIST_FILE = BusinessDirectory/Info.plist;
				INFOPLIST_KEY_UIApplicationSupportsIndirectInputEvents = YES;
				INFOPLIST_KEY_UILaunchStoryboardName = LaunchScreen;
				INFOPLIST_KEY_UIMainStoryboardFile = Main;
				INFOPLIST_KEY_UISupportedInterfaceOrientations = UIInterfaceOrientationPortrait;
				INFOPLIST_KEY_UISupportedInterfaceOrientations_iPad = "UIInterfaceOrientationPortrait UIInterfaceOrientationPortraitUpsideDown UIInterfaceOrientationLandscapeLeft UIInterfaceOrientationLandscapeRight";
				INFOPLIST_KEY_UISupportedInterfaceOrientations_iPhone = "UIInterfaceOrientationPortrait UIInterfaceOrientationLandscapeLeft UIInterfaceOrientationLandscapeRight";
				LD_RUNPATH_SEARCH_PATHS = (
					"$(inherited)",
					"@executable_path/Frameworks",
				);
				MARKETING_VERSION = 1.0;
				PRODUCT_BUNDLE_IDENTIFIER = ca.myscc.oy.BusinessDirectory;
				PRODUCT_NAME = "$(TARGET_NAME)";
				SWIFT_EMIT_LOC_STRINGS = YES;
				SWIFT_VERSION = 5.0;
				TARGETED_DEVICE_FAMILY = "1,2";
			};
			name = Release;
		};
		AB6ECF97271F7BC300BD41E3 /* Debug */ = {
			isa = XCBuildConfiguration;
			buildSettings = {
				ALWAYS_EMBED_SWIFT_STANDARD_LIBRARIES = YES;
				BUNDLE_LOADER = "$(TEST_HOST)";
				CODE_SIGN_STYLE = Automatic;
				CURRENT_PROJECT_VERSION = 1;
				DEVELOPMENT_TEAM = KQ2V96Q595;
				GENERATE_INFOPLIST_FILE = YES;
				IPHONEOS_DEPLOYMENT_TARGET = 15.0;
				LD_RUNPATH_SEARCH_PATHS = (
					"$(inherited)",
					"@executable_path/Frameworks",
					"@loader_path/Frameworks",
				);
				MARKETING_VERSION = 1.0;
				PRODUCT_BUNDLE_IDENTIFIER = ca.myscc.oy.BusinessDirectoryTests;
				PRODUCT_NAME = "$(TARGET_NAME)";
				SWIFT_EMIT_LOC_STRINGS = NO;
				SWIFT_VERSION = 5.0;
				TARGETED_DEVICE_FAMILY = "1,2";
				TEST_HOST = "$(BUILT_PRODUCTS_DIR)/BusinessDirectory.app/BusinessDirectory";
			};
			name = Debug;
		};
		AB6ECF98271F7BC300BD41E3 /* Release */ = {
			isa = XCBuildConfiguration;
			buildSettings = {
				ALWAYS_EMBED_SWIFT_STANDARD_LIBRARIES = YES;
				BUNDLE_LOADER = "$(TEST_HOST)";
				CODE_SIGN_STYLE = Automatic;
				CURRENT_PROJECT_VERSION = 1;
				DEVELOPMENT_TEAM = KQ2V96Q595;
				GENERATE_INFOPLIST_FILE = YES;
				IPHONEOS_DEPLOYMENT_TARGET = 15.0;
				LD_RUNPATH_SEARCH_PATHS = (
					"$(inherited)",
					"@executable_path/Frameworks",
					"@loader_path/Frameworks",
				);
				MARKETING_VERSION = 1.0;
				PRODUCT_BUNDLE_IDENTIFIER = ca.myscc.oy.BusinessDirectoryTests;
				PRODUCT_NAME = "$(TARGET_NAME)";
				SWIFT_EMIT_LOC_STRINGS = NO;
				SWIFT_VERSION = 5.0;
				TARGETED_DEVICE_FAMILY = "1,2";
				TEST_HOST = "$(BUILT_PRODUCTS_DIR)/BusinessDirectory.app/BusinessDirectory";
			};
			name = Release;
		};
		AB6ECF9A271F7BC300BD41E3 /* Debug */ = {
			isa = XCBuildConfiguration;
			buildSettings = {
				ALWAYS_EMBED_SWIFT_STANDARD_LIBRARIES = YES;
				CODE_SIGN_STYLE = Automatic;
				CURRENT_PROJECT_VERSION = 1;
				DEVELOPMENT_TEAM = KQ2V96Q595;
				GENERATE_INFOPLIST_FILE = YES;
				LD_RUNPATH_SEARCH_PATHS = (
					"$(inherited)",
					"@executable_path/Frameworks",
					"@loader_path/Frameworks",
				);
				MARKETING_VERSION = 1.0;
				PRODUCT_BUNDLE_IDENTIFIER = ca.myscc.oy.BusinessDirectoryUITests;
				PRODUCT_NAME = "$(TARGET_NAME)";
				SWIFT_EMIT_LOC_STRINGS = NO;
				SWIFT_VERSION = 5.0;
				TARGETED_DEVICE_FAMILY = "1,2";
				TEST_TARGET_NAME = BusinessDirectory;
			};
			name = Debug;
		};
		AB6ECF9B271F7BC300BD41E3 /* Release */ = {
			isa = XCBuildConfiguration;
			buildSettings = {
				ALWAYS_EMBED_SWIFT_STANDARD_LIBRARIES = YES;
				CODE_SIGN_STYLE = Automatic;
				CURRENT_PROJECT_VERSION = 1;
				DEVELOPMENT_TEAM = KQ2V96Q595;
				GENERATE_INFOPLIST_FILE = YES;
				LD_RUNPATH_SEARCH_PATHS = (
					"$(inherited)",
					"@executable_path/Frameworks",
					"@loader_path/Frameworks",
				);
				MARKETING_VERSION = 1.0;
				PRODUCT_BUNDLE_IDENTIFIER = ca.myscc.oy.BusinessDirectoryUITests;
				PRODUCT_NAME = "$(TARGET_NAME)";
				SWIFT_EMIT_LOC_STRINGS = NO;
				SWIFT_VERSION = 5.0;
				TARGETED_DEVICE_FAMILY = "1,2";
				TEST_TARGET_NAME = BusinessDirectory;
			};
			name = Release;
		};
/* End XCBuildConfiguration section */

/* Begin XCConfigurationList section */
		AB6ECF61271F7BC000BD41E3 /* Build configuration list for PBXProject "BusinessDirectory" */ = {
			isa = XCConfigurationList;
			buildConfigurations = (
				AB6ECF91271F7BC300BD41E3 /* Debug */,
				AB6ECF92271F7BC300BD41E3 /* Release */,
			);
			defaultConfigurationIsVisible = 0;
			defaultConfigurationName = Release;
		};
		AB6ECF93271F7BC300BD41E3 /* Build configuration list for PBXNativeTarget "BusinessDirectory" */ = {
			isa = XCConfigurationList;
			buildConfigurations = (
				AB6ECF94271F7BC300BD41E3 /* Debug */,
				AB6ECF95271F7BC300BD41E3 /* Release */,
			);
			defaultConfigurationIsVisible = 0;
			defaultConfigurationName = Release;
		};
		AB6ECF96271F7BC300BD41E3 /* Build configuration list for PBXNativeTarget "BusinessDirectoryTests" */ = {
			isa = XCConfigurationList;
			buildConfigurations = (
				AB6ECF97271F7BC300BD41E3 /* Debug */,
				AB6ECF98271F7BC300BD41E3 /* Release */,
			);
			defaultConfigurationIsVisible = 0;
			defaultConfigurationName = Release;
		};
		AB6ECF99271F7BC300BD41E3 /* Build configuration list for PBXNativeTarget "BusinessDirectoryUITests" */ = {
			isa = XCConfigurationList;
			buildConfigurations = (
				AB6ECF9A271F7BC300BD41E3 /* Debug */,
				AB6ECF9B271F7BC300BD41E3 /* Release */,
			);
			defaultConfigurationIsVisible = 0;
			defaultConfigurationName = Release;
		};
/* End XCConfigurationList section */

/* Begin XCVersionGroup section */
		AB6ECF72271F7BC000BD41E3 /* BusinessDirectory.xcdatamodeld */ = {
			isa = XCVersionGroup;
			children = (
				AB6ECF73271F7BC000BD41E3 /* BusinessDirectory.xcdatamodel */,
			);
			currentVersion = AB6ECF73271F7BC000BD41E3 /* BusinessDirectory.xcdatamodel */;
			path = BusinessDirectory.xcdatamodeld;
			sourceTree = "<group>";
			versionGroupType = wrapper.xcdatamodel;
		};
/* End XCVersionGroup section */
	};
	rootObject = AB6ECF5E271F7BC000BD41E3 /* Project object */;
}
